{
  "version": 4,
  "terraform_version": "1.7.5",
  "serial": 94,
  "lineage": "7dc96e85-4cd9-5b1f-4e08-50938d3d9ee8",
  "outputs": {},
  "resources": [
    {
      "mode": "managed",
      "type": "azurerm_linux_virtual_machine",
      "name": "example",
      "provider": "provider[\"registry.terraform.io/hashicorp/azurerm\"]",
      "instances": [
        {
          "schema_version": 0,
          "attributes": {
            "additional_capabilities": [],
            "admin_password": null,
            "admin_ssh_key": [
              {
                "public_key": "ssh-rsa AAAAB3NzaC1yc2EAAAADAQABAAABgQD2XGN9wHIB9R/8P0dD/MKbQ7zaaoJnD8bFUMV4TFVObxdO+/dE4/L5ti4YFTqjkrQUGE6BZlqmu8rXo5sX66UukqYz8OpeadjPnmOCCHA8u7t8HG0W/EHiB/a0hf1B/qfz15gDIafdTlrSC+f7DK1GQi3JtuQfdtujl4DscEdzR/p/E/vbdwI178bWKb7zscZZJIm6D/LZ8z089swofsbmH19Lr9ATU5KJYmMao+f4149GU99WWLy3xviGzXWd+BzU7x/pWG3mLdZ/jdJqLddlSiJayq/BS4sSmhDyQr5LvFxfU2nWtiJITLQgEjih1N/nEmMHwx9Ie9pIF0dFWaeAS9emaGae/1cAWgIRtwjjIe6I8OWwgQs6KmpuEF9Jpmx+Z4e2NW9E+QwEwBwuyomPZ/YsDifvEnxiB7aIs8CT/edALTKXptbZfDBn/L0iF+G9GD3RCgdELOTyYqoT7uR5aZNCh68tBKpyD/6Hrt4hHF3mbdKFHaQPbR0iDWOcyaM= root@server-terraform\n",
                "username": "azureuser"
              }
            ],
            "admin_username": "azureuser",
            "allow_extension_operations": true,
            "availability_set_id": "",
            "boot_diagnostics": [],
            "computer_name": "example-machine",
            "custom_data": null,
            "dedicated_host_group_id": "",
            "dedicated_host_id": "",
            "disable_password_authentication": true,
            "edge_zone": "",
            "encryption_at_host_enabled": false,
            "eviction_policy": "",
            "extensions_time_budget": "PT1H30M",
            "id": "/subscriptions/c5ab6b94-f2b3-4669-90b6-c1c681d23add/resourceGroups/azurerm_resource_group/providers/Microsoft.Compute/virtualMachines/example-machine",
            "identity": [],
            "license_type": "",
            "location": "eastus",
            "max_bid_price": -1,
            "name": "example-machine",
            "network_interface_ids": [
              "/subscriptions/c5ab6b94-f2b3-4669-90b6-c1c681d23add/resourceGroups/azurerm_resource_group/providers/Microsoft.Network/networkInterfaces/example-nic"
            ],
            "os_disk": [
              {
                "caching": "ReadWrite",
                "diff_disk_settings": [],
                "disk_encryption_set_id": "",
                "disk_size_gb": 30,
                "name": "example-machine_disk1_8b1a492b9f3247a789cf40a1c423f820",
                "storage_account_type": "Standard_LRS",
                "write_accelerator_enabled": false
              }
            ],
            "patch_mode": "ImageDefault",
            "plan": [],
            "platform_fault_domain": -1,
            "priority": "Regular",
            "private_ip_address": "10.0.2.4",
            "private_ip_addresses": [
              "10.0.2.4"
            ],
            "provision_vm_agent": true,
            "proximity_placement_group_id": "",
            "public_ip_address": "40.117.87.176",
            "public_ip_addresses": [
              "40.117.87.176"
            ],
            "resource_group_name": "azurerm_resource_group",
            "secret": [],
            "secure_boot_enabled": false,
            "size": "Standard_DS1_v2",
            "source_image_id": "",
            "source_image_reference": [
              {
                "offer": "0001-com-ubuntu-server-jammy",
                "publisher": "Canonical",
                "sku": "22_04-lts",
                "version": "latest"
              }
            ],
            "tags": null,
            "termination_notification": null,
            "timeouts": null,
            "user_data": "",
            "virtual_machine_id": "0245c7f8-d1ab-4966-9dc3-913292c8799f",
            "virtual_machine_scale_set_id": "",
            "vtpm_enabled": false,
            "zone": ""
          },
          "sensitive_attributes": [],
          "private": "eyJlMmJmYjczMC1lY2FhLTExZTYtOGY4OC0zNDM2M2JjN2M0YzAiOnsiY3JlYXRlIjoyNzAwMDAwMDAwMDAwLCJkZWxldGUiOjI3MDAwMDAwMDAwMDAsInJlYWQiOjMwMDAwMDAwMDAwMCwidXBkYXRlIjoyNzAwMDAwMDAwMDAwfX0=",
          "dependencies": [
            "azurerm_network_interface.example",
            "azurerm_public_ip.example",
            "azurerm_resource_group.example",
            "azurerm_subnet.example",
            "azurerm_virtual_network.example"
          ]
        }
      ]
    },
    {
      "mode": "managed",
      "type": "azurerm_network_interface",
      "name": "example",
      "provider": "provider[\"registry.terraform.io/hashicorp/azurerm\"]",
      "instances": [
        {
          "schema_version": 0,
          "attributes": {
            "applied_dns_servers": [],
            "dns_servers": [],
            "edge_zone": "",
            "enable_accelerated_networking": false,
            "enable_ip_forwarding": false,
            "id": "/subscriptions/c5ab6b94-f2b3-4669-90b6-c1c681d23add/resourceGroups/azurerm_resource_group/providers/Microsoft.Network/networkInterfaces/example-nic",
            "internal_dns_name_label": "",
            "internal_domain_name_suffix": "x1hrbwc53q1e5fm2gq4zvuj4uf.bx.internal.cloudapp.net",
            "ip_configuration": [
              {
                "gateway_load_balancer_frontend_ip_configuration_id": "",
                "name": "internal",
                "primary": true,
                "private_ip_address": "10.0.2.4",
                "private_ip_address_allocation": "Dynamic",
                "private_ip_address_version": "IPv4",
                "public_ip_address_id": "/subscriptions/c5ab6b94-f2b3-4669-90b6-c1c681d23add/resourceGroups/azurerm_resource_group/providers/Microsoft.Network/publicIPAddresses/example-public-ip",
                "subnet_id": "/subscriptions/c5ab6b94-f2b3-4669-90b6-c1c681d23add/resourceGroups/azurerm_resource_group/providers/Microsoft.Network/virtualNetworks/example-network/subnets/internal"
              }
            ],
            "location": "eastus",
            "mac_address": "",
            "name": "example-nic",
            "private_ip_address": "10.0.2.4",
            "private_ip_addresses": [
              "10.0.2.4"
            ],
            "resource_group_name": "azurerm_resource_group",
            "tags": null,
            "timeouts": null,
            "virtual_machine_id": ""
          },
          "sensitive_attributes": [],
          "private": "eyJlMmJmYjczMC1lY2FhLTExZTYtOGY4OC0zNDM2M2JjN2M0YzAiOnsiY3JlYXRlIjoxODAwMDAwMDAwMDAwLCJkZWxldGUiOjE4MDAwMDAwMDAwMDAsInJlYWQiOjMwMDAwMDAwMDAwMCwidXBkYXRlIjoxODAwMDAwMDAwMDAwfX0=",
          "dependencies": [
            "azurerm_public_ip.example",
            "azurerm_resource_group.example",
            "azurerm_subnet.example",
            "azurerm_virtual_network.example"
          ]
        }
      ]
    },
    {
      "mode": "managed",
      "type": "azurerm_public_ip",
      "name": "example",
      "provider": "provider[\"registry.terraform.io/hashicorp/azurerm\"]",
      "instances": [
        {
          "schema_version": 0,
          "attributes": {
            "allocation_method": "Dynamic",
            "domain_name_label": null,
            "edge_zone": "",
            "fqdn": null,
            "id": "/subscriptions/c5ab6b94-f2b3-4669-90b6-c1c681d23add/resourceGroups/azurerm_resource_group/providers/Microsoft.Network/publicIPAddresses/example-public-ip",
            "idle_timeout_in_minutes": 4,
            "ip_address": "",
            "ip_tags": null,
            "ip_version": "IPv4",
            "location": "eastus",
            "name": "example-public-ip",
            "public_ip_prefix_id": null,
            "resource_group_name": "azurerm_resource_group",
            "reverse_fqdn": null,
            "sku": "Basic",
            "sku_tier": "Regional",
            "tags": null,
            "timeouts": null,
            "zones": null
          },
          "sensitive_attributes": [],
          "private": "eyJlMmJmYjczMC1lY2FhLTExZTYtOGY4OC0zNDM2M2JjN2M0YzAiOnsiY3JlYXRlIjoxODAwMDAwMDAwMDAwLCJkZWxldGUiOjE4MDAwMDAwMDAwMDAsInJlYWQiOjMwMDAwMDAwMDAwMCwidXBkYXRlIjoxODAwMDAwMDAwMDAwfX0=",
          "dependencies": [
            "azurerm_resource_group.example"
          ]
        }
      ]
    },
    {
      "mode": "managed",
      "type": "azurerm_resource_group",
      "name": "example",
      "provider": "provider[\"registry.terraform.io/hashicorp/azurerm\"]",
      "instances": [
        {
          "schema_version": 0,
          "attributes": {
            "id": "/subscriptions/c5ab6b94-f2b3-4669-90b6-c1c681d23add/resourceGroups/azurerm_resource_group",
            "location": "eastus",
            "name": "azurerm_resource_group",
            "tags": null,
            "timeouts": null
          },
          "sensitive_attributes": [],
          "private": "eyJlMmJmYjczMC1lY2FhLTExZTYtOGY4OC0zNDM2M2JjN2M0YzAiOnsiY3JlYXRlIjo1NDAwMDAwMDAwMDAwLCJkZWxldGUiOjU0MDAwMDAwMDAwMDAsInJlYWQiOjMwMDAwMDAwMDAwMCwidXBkYXRlIjo1NDAwMDAwMDAwMDAwfX0="
        }
      ]
    },
    {
      "mode": "managed",
      "type": "azurerm_storage_account",
      "name": "example",
      "provider": "provider[\"registry.terraform.io/hashicorp/azurerm\"]",
      "instances": [
        {
          "schema_version": 3,
          "attributes": {
            "access_tier": "Hot",
            "account_kind": "StorageV2",
            "account_replication_type": "GRS",
            "account_tier": "Standard",
            "allow_nested_items_to_be_public": true,
            "azure_files_authentication": [],
            "blob_properties": [
              {
                "change_feed_enabled": false,
                "container_delete_retention_policy": [],
                "cors_rule": [],
                "default_service_version": "",
                "delete_retention_policy": [],
                "last_access_time_enabled": false,
                "versioning_enabled": false
              }
            ],
            "custom_domain": [],
            "customer_managed_key": [],
            "edge_zone": "",
            "enable_https_traffic_only": true,
            "id": "/subscriptions/c5ab6b94-f2b3-4669-90b6-c1c681d23add/resourceGroups/azurerm_resource_group/providers/Microsoft.Storage/storageAccounts/adrientestcomptestockage",
            "identity": [],
            "infrastructure_encryption_enabled": false,
            "is_hns_enabled": false,
            "large_file_share_enabled": null,
            "location": "eastus",
            "min_tls_version": "TLS1_2",
            "name": "adrientestcomptestockage",
            "network_rules": [
              {
                "bypass": [
                  "AzureServices"
                ],
                "default_action": "Allow",
                "ip_rules": [],
                "private_link_access": [],
                "virtual_network_subnet_ids": []
              }
            ],
            "nfsv3_enabled": false,
            "primary_access_key": "YAwpRSzG9DfRHcJfkD9znh9GbEVGWropK3XPUSQ6hbqoMODnFLfbdkNXvu69S/siMzVqWPx8PW6N+AStSTQ+gQ==",
            "primary_blob_connection_string": "DefaultEndpointsProtocol=https;BlobEndpoint=https://adrientestcomptestockage.blob.core.windows.net/;AccountName=adrientestcomptestockage;AccountKey=YAwpRSzG9DfRHcJfkD9znh9GbEVGWropK3XPUSQ6hbqoMODnFLfbdkNXvu69S/siMzVqWPx8PW6N+AStSTQ+gQ==",
            "primary_blob_endpoint": "https://adrientestcomptestockage.blob.core.windows.net/",
            "primary_blob_host": "adrientestcomptestockage.blob.core.windows.net",
            "primary_connection_string": "DefaultEndpointsProtocol=https;AccountName=adrientestcomptestockage;AccountKey=YAwpRSzG9DfRHcJfkD9znh9GbEVGWropK3XPUSQ6hbqoMODnFLfbdkNXvu69S/siMzVqWPx8PW6N+AStSTQ+gQ==;EndpointSuffix=core.windows.net",
            "primary_dfs_endpoint": "https://adrientestcomptestockage.dfs.core.windows.net/",
            "primary_dfs_host": "adrientestcomptestockage.dfs.core.windows.net",
            "primary_file_endpoint": "https://adrientestcomptestockage.file.core.windows.net/",
            "primary_file_host": "adrientestcomptestockage.file.core.windows.net",
            "primary_location": "eastus",
            "primary_queue_endpoint": "https://adrientestcomptestockage.queue.core.windows.net/",
            "primary_queue_host": "adrientestcomptestockage.queue.core.windows.net",
            "primary_table_endpoint": "https://adrientestcomptestockage.table.core.windows.net/",
            "primary_table_host": "adrientestcomptestockage.table.core.windows.net",
            "primary_web_endpoint": "https://adrientestcomptestockage.z13.web.core.windows.net/",
            "primary_web_host": "adrientestcomptestockage.z13.web.core.windows.net",
            "queue_encryption_key_type": "Service",
            "queue_properties": [
              {
                "cors_rule": [],
                "hour_metrics": [
                  {
                    "enabled": true,
                    "include_apis": true,
                    "retention_policy_days": 7,
                    "version": "1.0"
                  }
                ],
                "logging": [
                  {
                    "delete": false,
                    "read": false,
                    "retention_policy_days": 0,
                    "version": "1.0",
                    "write": false
                  }
                ],
                "minute_metrics": [
                  {
                    "enabled": false,
                    "include_apis": false,
                    "retention_policy_days": 0,
                    "version": "1.0"
                  }
                ]
              }
            ],
            "resource_group_name": "azurerm_resource_group",
            "routing": [],
            "secondary_access_key": "aD9/M36yxlKpi58rhKUF8Psf6rYM93S7jfTL7BdeOQjTa0B8z6WpnBCrqnCqfv/t5sgXovsREBp4+AStNbAspA==",
            "secondary_blob_connection_string": "",
            "secondary_blob_endpoint": null,
            "secondary_blob_host": null,
            "secondary_connection_string": "DefaultEndpointsProtocol=https;AccountName=adrientestcomptestockage;AccountKey=aD9/M36yxlKpi58rhKUF8Psf6rYM93S7jfTL7BdeOQjTa0B8z6WpnBCrqnCqfv/t5sgXovsREBp4+AStNbAspA==;EndpointSuffix=core.windows.net",
            "secondary_dfs_endpoint": null,
            "secondary_dfs_host": null,
            "secondary_file_endpoint": null,
            "secondary_file_host": null,
            "secondary_location": "westus",
            "secondary_queue_endpoint": null,
            "secondary_queue_host": null,
            "secondary_table_endpoint": null,
            "secondary_table_host": null,
            "secondary_web_endpoint": null,
            "secondary_web_host": null,
            "share_properties": [
              {
                "cors_rule": [],
                "retention_policy": [
                  {
                    "days": 7
                  }
                ],
                "smb": []
              }
            ],
            "shared_access_key_enabled": true,
            "static_website": [],
            "table_encryption_key_type": "Service",
            "tags": {
              "environment": "staging"
            },
            "timeouts": null
          },
          "sensitive_attributes": [],
          "private": "eyJlMmJmYjczMC1lY2FhLTExZTYtOGY4OC0zNDM2M2JjN2M0YzAiOnsiY3JlYXRlIjozNjAwMDAwMDAwMDAwLCJkZWxldGUiOjM2MDAwMDAwMDAwMDAsInJlYWQiOjMwMDAwMDAwMDAwMCwidXBkYXRlIjozNjAwMDAwMDAwMDAwfSwic2NoZW1hX3ZlcnNpb24iOiIzIn0=",
          "dependencies": [
            "azurerm_resource_group.example"
          ]
        }
      ]
    },
    {
      "mode": "managed",
      "type": "azurerm_subnet",
      "name": "example",
      "provider": "provider[\"registry.terraform.io/hashicorp/azurerm\"]",
      "instances": [
        {
          "schema_version": 0,
          "attributes": {
            "address_prefixes": [
              "10.0.2.0/24"
            ],
            "delegation": [],
            "enforce_private_link_endpoint_network_policies": false,
            "enforce_private_link_service_network_policies": false,
            "id": "/subscriptions/c5ab6b94-f2b3-4669-90b6-c1c681d23add/resourceGroups/azurerm_resource_group/providers/Microsoft.Network/virtualNetworks/example-network/subnets/internal",
            "name": "internal",
            "resource_group_name": "azurerm_resource_group",
            "service_endpoint_policy_ids": null,
            "service_endpoints": null,
            "timeouts": null,
            "virtual_network_name": "example-network"
          },
          "sensitive_attributes": [],
          "private": "eyJlMmJmYjczMC1lY2FhLTExZTYtOGY4OC0zNDM2M2JjN2M0YzAiOnsiY3JlYXRlIjoxODAwMDAwMDAwMDAwLCJkZWxldGUiOjE4MDAwMDAwMDAwMDAsInJlYWQiOjMwMDAwMDAwMDAwMCwidXBkYXRlIjoxODAwMDAwMDAwMDAwfX0=",
          "dependencies": [
            "azurerm_resource_group.example",
            "azurerm_virtual_network.example"
          ]
        }
      ]
    },
    {
      "mode": "managed",
      "type": "azurerm_virtual_network",
      "name": "example",
      "provider": "provider[\"registry.terraform.io/hashicorp/azurerm\"]",
      "instances": [
        {
          "schema_version": 0,
          "attributes": {
            "address_space": [
              "10.0.0.0/16"
            ],
            "bgp_community": "",
            "ddos_protection_plan": [],
            "dns_servers": [],
            "edge_zone": "",
            "flow_timeout_in_minutes": 0,
            "guid": "d810cfbe-ec5f-4f36-959c-343d9ad13ea5",
            "id": "/subscriptions/c5ab6b94-f2b3-4669-90b6-c1c681d23add/resourceGroups/azurerm_resource_group/providers/Microsoft.Network/virtualNetworks/example-network",
            "location": "eastus",
            "name": "example-network",
            "resource_group_name": "azurerm_resource_group",
            "subnet": [],
            "tags": null,
            "timeouts": null
          },
          "sensitive_attributes": [],
          "private": "eyJlMmJmYjczMC1lY2FhLTExZTYtOGY4OC0zNDM2M2JjN2M0YzAiOnsiY3JlYXRlIjoxODAwMDAwMDAwMDAwLCJkZWxldGUiOjE4MDAwMDAwMDAwMDAsInJlYWQiOjMwMDAwMDAwMDAwMCwidXBkYXRlIjoxODAwMDAwMDAwMDAwfX0=",
          "dependencies": [
            "azurerm_resource_group.example"
          ]
        }
      ]
    }
  ],
  "check_results": null
}
